
Microsoft Visual Studio Solution File, Format Version 12.00
# Visual Studio 15
VisualStudioVersion = 15.0.28307.271
MinimumVisualStudioVersion = 10.0.40219.1
Project("{9A19103F-16F7-4668-BE54-9A1E7A4F7556}") = "Benchmark", "Benchmark\Benchmark.csproj", "{BFEE033C-6325-440D-ADBA-5C0AC3D7770E}"
EndProject
Global
	GlobalSection(Performance) = preSolution
		HasPerformanceSessions = true
	EndGlobalSection
	GlobalSection(SolutionConfigurationPlatforms) = preSolution
		Debug|Any CPU = Debug|Any CPU
		Debug|x64 = Debug|x64
		Release|Any CPU = Release|Any CPU
		Release|x64 = Release|x64
	EndGlobalSection
	GlobalSection(ProjectConfigurationPlatforms) = postSolution
		{BFEE033C-6325-440D-ADBA-5C0AC3D7770E}.Debug|Any CPU.ActiveCfg = Debug|Any CPU
		{BFEE033C-6325-440D-ADBA-5C0AC3D7770E}.Debug|Any CPU.Build.0 = Debug|Any CPU
		{BFEE033C-6325-440D-ADBA-5C0AC3D7770E}.Debug|x64.ActiveCfg = Debug|x64
		{BFEE033C-6325-440D-ADBA-5C0AC3D7770E}.Debug|x64.Build.0 = Debug|x64
		{BFEE033C-6325-440D-ADBA-5C0AC3D7770E}.Release|Any CPU.ActiveCfg = Release|Any CPU
		{BFEE033C-6325-440D-ADBA-5C0AC3D7770E}.Release|Any CPU.Build.0 = Release|Any CPU
		{BFEE033C-6325-440D-ADBA-5C0AC3D7770E}.Release|x64.ActiveCfg = Release|x64
		{BFEE033C-6325-440D-ADBA-5C0AC3D7770E}.Release|x64.Build.0 = Release|x64
	EndGlobalSection
	GlobalSection(SolutionProperties) = preSolution
		HideSolutionNode = FALSE
	EndGlobalSection
	GlobalSection(ExtensibilityGlobals) = postSolution
		SolutionGuid = {769F8F57-1AF0-4C3B-BA2A-1469BF1543F1}
	EndGlobalSection
EndGlobal
